// !$*UTF8*$!
{
	archiveVersion = 1;
	classes = {
	};
	objectVersion = 50;
	objects = {

/* Begin PBXBuildFile section */
		7BD87EBC26BC124800019EC0 /* AppDelegate.swift in Sources */ = {isa = PBXBuildFile; fileRef = 7BD87EBB26BC124800019EC0 /* AppDelegate.swift */; };
		7BD87EBE26BC124800019EC0 /* SceneDelegate.swift in Sources */ = {isa = PBXBuildFile; fileRef = 7BD87EBD26BC124800019EC0 /* SceneDelegate.swift */; };
		7BD87EC026BC124800019EC0 /* ViewController.swift in Sources */ = {isa = PBXBuildFile; fileRef = 7BD87EBF26BC124800019EC0 /* ViewController.swift */; };
		7BD87EC326BC124800019EC0 /* Main.storyboard in Resources */ = {isa = PBXBuildFile; fileRef = 7BD87EC126BC124800019EC0 /* Main.storyboard */; };
		7BD87EC526BC124B00019EC0 /* Assets.xcassets in Resources */ = {isa = PBXBuildFile; fileRef = 7BD87EC426BC124B00019EC0 /* Assets.xcassets */; };
		7BD87EC826BC124B00019EC0 /* LaunchScreen.storyboard in Resources */ = {isa = PBXBuildFile; fileRef = 7BD87EC626BC124B00019EC0 /* LaunchScreen.storyboard */; };
		7BD87ED326BC124B00019EC0 /* MusicPTests.swift in Sources */ = {isa = PBXBuildFile; fileRef = 7BD87ED226BC124B00019EC0 /* MusicPTests.swift */; };
		7BD87EDE26BC124B00019EC0 /* MusicPUITests.swift in Sources */ = {isa = PBXBuildFile; fileRef = 7BD87EDD26BC124B00019EC0 /* MusicPUITests.swift */; };
/* End PBXBuildFile section */

/* Begin PBXContainerItemProxy section */
		7BD87ECF26BC124B00019EC0 /* PBXContainerItemProxy */ = {
			isa = PBXContainerItemProxy;
			containerPortal = 7BD87EB026BC124800019EC0 /* Project object */;
			proxyType = 1;
			remoteGlobalIDString = 7BD87EB726BC124800019EC0;
			remoteInfo = MusicP;
		};
		7BD87EDA26BC124B00019EC0 /* PBXContainerItemProxy */ = {
			isa = PBXContainerItemProxy;
			containerPortal = 7BD87EB026BC124800019EC0 /* Project object */;
			proxyType = 1;
			remoteGlobalIDString = 7BD87EB726BC124800019EC0;
			remoteInfo = MusicP;
		};
/* End PBXContainerItemProxy section */

/* Begin PBXFileReference section */
		7BD87EB826BC124800019EC0 /* MusicP.app */ = {isa = PBXFileReference; explicitFileType = wrapper.application; includeInIndex = 0; path = MusicP.app; sourceTree = BUILT_PRODUCTS_DIR; };
		7BD87EBB26BC124800019EC0 /* AppDelegate.swift */ = {isa = PBXFileReference; lastKnownFileType = sourcecode.swift; path = AppDelegate.swift; sourceTree = "<group>"; };
		7BD87EBD26BC124800019EC0 /* SceneDelegate.swift */ = {isa = PBXFileReference; lastKnownFileType = sourcecode.swift; path = SceneDelegate.swift; sourceTree = "<group>"; };
		7BD87EBF26BC124800019EC0 /* ViewController.swift */ = {isa = PBXFileReference; lastKnownFileType = sourcecode.swift; path = ViewController.swift; sourceTree = "<group>"; };
		7BD87EC226BC124800019EC0 /* Base */ = {isa = PBXFileReference; lastKnownFileType = file.storyboard; name = Base; path = Base.lproj/Main.storyboard; sourceTree = "<group>"; };
		7BD87EC426BC124B00019EC0 /* Assets.xcassets */ = {isa = PBXFileReference; lastKnownFileType = folder.assetcatalog; path = Assets.xcassets; sourceTree = "<group>"; };
		7BD87EC726BC124B00019EC0 /* Base */ = {isa = PBXFileReference; lastKnownFileType = file.storyboard; name = Base; path = Base.lproj/LaunchScreen.storyboard; sourceTree = "<group>"; };
		7BD87EC926BC124B00019EC0 /* Info.plist */ = {isa = PBXFileReference; lastKnownFileType = text.plist.xml; path = Info.plist; sourceTree = "<group>"; };
		7BD87ECE26BC124B00019EC0 /* MusicPTests.xctest */ = {isa = PBXFileReference; explicitFileType = wrapper.cfbundle; includeInIndex = 0; path = MusicPTests.xctest; sourceTree = BUILT_PRODUCTS_DIR; };
		7BD87ED226BC124B00019EC0 /* MusicPTests.swift */ = {isa = PBXFileReference; lastKnownFileType = sourcecode.swift; path = MusicPTests.swift; sourceTree = "<group>"; };
		7BD87ED426BC124B00019EC0 /* Info.plist */ = {isa = PBXFileReference; lastKnownFileType = text.plist.xml; path = Info.plist; sourceTree = "<group>"; };
		7BD87ED926BC124B00019EC0 /* MusicPUITests.xctest */ = {isa = PBXFileReference; explicitFileType = wrapper.cfbundle; includeInIndex = 0; path = MusicPUITests.xctest; sourceTree = BUILT_PRODUCTS_DIR; };
		7BD87EDD26BC124B00019EC0 /* MusicPUITests.swift */ = {isa = PBXFileReference; lastKnownFileType = sourcecode.swift; path = MusicPUITests.swift; sourceTree = "<group>"; };
		7BD87EDF26BC124B00019EC0 /* Info.plist */ = {isa = PBXFileReference; lastKnownFileType = text.plist.xml; path = Info.plist; sourceTree = "<group>"; };
/* End PBXFileReference section */

/* Begin PBXFrameworksBuildPhase section */
		7BD87EB526BC124800019EC0 /* Frameworks */ = {
			isa = PBXFrameworksBuildPhase;
			buildActionMask = 2147483647;
			files = (
			);
			runOnlyForDeploymentPostprocessing = 0;
		};
		7BD87ECB26BC124B00019EC0 /* Frameworks */ = {
			isa = PBXFrameworksBuildPhase;
			buildActionMask = 2147483647;
			files = (
			);
			runOnlyForDeploymentPostprocessing = 0;
		};
		7BD87ED626BC124B00019EC0 /* Frameworks */ = {
			isa = PBXFrameworksBuildPhase;
			buildActionMask = 2147483647;
			files = (
			);
			runOnlyForDeploymentPostprocessing = 0;
		};
/* End PBXFrameworksBuildPhase section */

/* Begin PBXGroup section */
		7BD87EAF26BC124800019EC0 = {
			isa = PBXGroup;
			children = (
				7BD87EBA26BC124800019EC0 /* MusicP */,
				7BD87ED126BC124B00019EC0 /* MusicPTests */,
				7BD87EDC26BC124B00019EC0 /* MusicPUITests */,
				7BD87EB926BC124800019EC0 /* Products */,
			);
			sourceTree = "<group>";
		};
		7BD87EB926BC124800019EC0 /* Products */ = {
			isa = PBXGroup;
			children = (
				7BD87EB826BC124800019EC0 /* MusicP.app */,
				7BD87ECE26BC124B00019EC0 /* MusicPTests.xctest */,
				7BD87ED926BC124B00019EC0 /* MusicPUITests.xctest */,
			);
			name = Products;
			sourceTree = "<group>";
		};
		7BD87EBA26BC124800019EC0 /* MusicP */ = {
			isa = PBXGroup;
			children = (
				7BD87EBB26BC124800019EC0 /* AppDelegate.swift */,
				7BD87EBD26BC124800019EC0 /* SceneDelegate.swift */,
				7BD87EBF26BC124800019EC0 /* ViewController.swift */,
				7BD87EC126BC124800019EC0 /* Main.storyboard */,
				7BD87EC426BC124B00019EC0 /* Assets.xcassets */,
				7BD87EC626BC124B00019EC0 /* LaunchScreen.storyboard */,
				7BD87EC926BC124B00019EC0 /* Info.plist */,
			);
			path = MusicP;
			sourceTree = "<group>";
		};
		7BD87ED126BC124B00019EC0 /* MusicPTests */ = {
			isa = PBXGroup;
			children = (
				7BD87ED226BC124B00019EC0 /* MusicPTests.swift */,
				7BD87ED426BC124B00019EC0 /* Info.plist */,
			);
			path = MusicPTests;
			sourceTree = "<group>";
		};
		7BD87EDC26BC124B00019EC0 /* MusicPUITests */ = {
			isa = PBXGroup;
			children = (
				7BD87EDD26BC124B00019EC0 /* MusicPUITests.swift */,
				7BD87EDF26BC124B00019EC0 /* Info.plist */,
			);
			path = MusicPUITests;
			sourceTree = "<group>";
		};
/* End PBXGroup section */

/* Begin PBXNativeTarget section */
		7BD87EB726BC124800019EC0 /* MusicP */ = {
			isa = PBXNativeTarget;
			buildConfigurationList = 7BD87EE226BC124B00019EC0 /* Build configuration list for PBXNativeTarget "MusicP" */;
			buildPhases = (
				7BD87EB426BC124800019EC0 /* Sources */,
				7BD87EB526BC124800019EC0 /* Frameworks */,
				7BD87EB626BC124800019EC0 /* Resources */,
			);
			buildRules = (
			);
			dependencies = (
			);
			name = MusicP;
			productName = MusicP;
			productReference = 7BD87EB826BC124800019EC0 /* MusicP.app */;
			productType = "com.apple.product-type.application";
		};
		7BD87ECD26BC124B00019EC0 /* MusicPTests */ = {
			isa = PBXNativeTarget;
			buildConfigurationList = 7BD87EE526BC124B00019EC0 /* Build configuration list for PBXNativeTarget "MusicPTests" */;
			buildPhases = (
				7BD87ECA26BC124B00019EC0 /* Sources */,
				7BD87ECB26BC124B00019EC0 /* Frameworks */,
				7BD87ECC26BC124B00019EC0 /* Resources */,
			);
			buildRules = (
			);
			dependencies = (
				7BD87ED026BC124B00019EC0 /* PBXTargetDependency */,
			);
			name = MusicPTests;
			productName = MusicPTests;
			productReference = 7BD87ECE26BC124B00019EC0 /* MusicPTests.xctest */;
			productType = "com.apple.product-type.bundle.unit-test";
		};
		7BD87ED826BC124B00019EC0 /* MusicPUITests */ = {
			isa = PBXNativeTarget;
			buildConfigurationList = 7BD87EE826BC124B00019EC0 /* Build configuration list for PBXNativeTarget "MusicPUITests" */;
			buildPhases = (
				7BD87ED526BC124B00019EC0 /* Sources */,
				7BD87ED626BC124B00019EC0 /* Frameworks */,
				7BD87ED726BC124B00019EC0 /* Resources */,
			);
			buildRules = (
			);
			dependencies = (
				7BD87EDB26BC124B00019EC0 /* PBXTargetDependency */,
			);
			name = MusicPUITests;
			productName = MusicPUITests;
			productReference = 7BD87ED926BC124B00019EC0 /* MusicPUITests.xctest */;
			productType = "com.apple.product-type.bundle.ui-testing";
		};
/* End PBXNativeTarget section */

/* Begin PBXProject section */
		7BD87EB026BC124800019EC0 /* Project object */ = {
			isa = PBXProject;
			attributes = {
				LastSwiftUpdateCheck = 1250;
				LastUpgradeCheck = 1250;
				TargetAttributes = {
					7BD87EB726BC124800019EC0 = {
						CreatedOnToolsVersion = 12.5;
					};
					7BD87ECD26BC124B00019EC0 = {
						CreatedOnToolsVersion = 12.5;
						TestTargetID = 7BD87EB726BC124800019EC0;
					};
					7BD87ED826BC124B00019EC0 = {
						CreatedOnToolsVersion = 12.5;
						TestTargetID = 7BD87EB726BC124800019EC0;
					};
				};
			};
			buildConfigurationList = 7BD87EB326BC124800019EC0 /* Build configuration list for PBXProject "MusicP" */;
			compatibilityVersion = "Xcode 9.3";
			developmentRegion = en;
			hasScannedForEncodings = 0;
			knownRegions = (
				en,
				Base,
			);
			mainGroup = 7BD87EAF26BC124800019EC0;
			productRefGroup = 7BD87EB926BC124800019EC0 /* Products */;
			projectDirPath = "";
			projectRoot = "";
			targets = (
				7BD87EB726BC124800019EC0 /* MusicP */,
				7BD87ECD26BC124B00019EC0 /* MusicPTests */,
				7BD87ED826BC124B00019EC0 /* MusicPUITests */,
			);
		};
/* End PBXProject section */

/* Begin PBXResourcesBuildPhase section */
		7BD87EB626BC124800019EC0 /* Resources */ = {
			isa = PBXResourcesBuildPhase;
			buildActionMask = 2147483647;
			files = (
				7BD87EC826BC124B00019EC0 /* LaunchScreen.storyboard in Resources */,
				7BD87EC526BC124B00019EC0 /* Assets.xcassets in Resources */,
				7BD87EC326BC124800019EC0 /* Main.storyboard in Resources */,
			);
			runOnlyForDeploymentPostprocessing = 0;
		};
		7BD87ECC26BC124B00019EC0 /* Resources */ = {
			isa = PBXResourcesBuildPhase;
			buildActionMask = 2147483647;
			files = (
			);
			runOnlyForDeploymentPostprocessing = 0;
		};
		7BD87ED726BC124B00019EC0 /* Resources */ = {
			isa = PBXResourcesBuildPhase;
			buildActionMask = 2147483647;
			files = (
			);
			runOnlyForDeploymentPostprocessing = 0;
		};
/* End PBXResourcesBuildPhase section */

/* Begin PBXSourcesBuildPhase section */
		7BD87EB426BC124800019EC0 /* Sources */ = {
			isa = PBXSourcesBuildPhase;
			buildActionMask = 2147483647;
			files = (
				7BD87EC026BC124800019EC0 /* ViewController.swift in Sources */,
				7BD87EBC26BC124800019EC0 /* AppDelegate.swift in Sources */,
				7BD87EBE26BC124800019EC0 /* SceneDelegate.swift in Sources */,
			);
			runOnlyForDeploymentPostprocessing = 0;
		};
		7BD87ECA26BC124B00019EC0 /* Sources */ = {
			isa = PBXSourcesBuildPhase;
			buildActionMask = 2147483647;
			files = (
				7BD87ED326BC124B00019EC0 /* MusicPTests.swift in Sources */,
			);
			runOnlyForDeploymentPostprocessing = 0;
		};
		7BD87ED526BC124B00019EC0 /* Sources */ = {
			isa = PBXSourcesBuildPhase;
			buildActionMask = 2147483647;
			files = (
				7BD87EDE26BC124B00019EC0 /* MusicPUITests.swift in Sources */,
			);
			runOnlyForDeploymentPostprocessing = 0;
		};
/* End PBXSourcesBuildPhase section */

/* Begin PBXTargetDependency section */
		7BD87ED026BC124B00019EC0 /* PBXTargetDependency */ = {
			isa = PBXTargetDependency;
			target = 7BD87EB726BC124800019EC0 /* MusicP */;
			targetProxy = 7BD87ECF26BC124B00019EC0 /* PBXContainerItemProxy */;
		};
		7BD87EDB26BC124B00019EC0 /* PBXTargetDependency */ = {
			isa = PBXTargetDependency;
			target = 7BD87EB726BC124800019EC0 /* MusicP */;
			targetProxy = 7BD87EDA26BC124B00019EC0 /* PBXContainerItemProxy */;
		};
/* End PBXTargetDependency section */

/* Begin PBXVariantGroup section */
		7BD87EC126BC124800019EC0 /* Main.storyboard */ = {
			isa = PBXVariantGroup;
			children = (
				7BD87EC226BC124800019EC0 /* Base */,
			);
			name = Main.storyboard;
			sourceTree = "<group>";
		};
		7BD87EC626BC124B00019EC0 /* LaunchScreen.storyboard */ = {
			isa = PBXVariantGroup;
			children = (
				7BD87EC726BC124B00019EC0 /* Base */,
			);
			name = LaunchScreen.storyboard;
			sourceTree = "<group>";
		};
/* End PBXVariantGroup section */

/* Begin XCBuildConfiguration section */
		7BD87EE026BC124B00019EC0 /* Debug */ = {
			isa = XCBuildConfiguration;
			buildSettings = {
				ALWAYS_SEARCH_USER_PATHS = NO;
				CLANG_ANALYZER_NONNULL = YES;
				CLANG_ANALYZER_NUMBER_OBJECT_CONVERSION = YES_AGGRESSIVE;
				CLANG_CXX_LANGUAGE_STANDARD = "gnu++14";
				CLANG_CXX_LIBRARY = "libc++";
				CLANG_ENABLE_MODULES = YES;
				CLANG_ENABLE_OBJC_ARC = YES;
				CLANG_ENABLE_OBJC_WEAK = YES;
				CLANG_WARN_BLOCK_CAPTURE_AUTORELEASING = YES;
				CLANG_WARN_BOOL_CONVERSION = YES;
				CLANG_WARN_COMMA = YES;
				CLANG_WARN_CONSTANT_CONVERSION = YES;
				CLANG_WARN_DEPRECATED_OBJC_IMPLEMENTATIONS = YES;
				CLANG_WARN_DIRECT_OBJC_ISA_USAGE = YES_ERROR;
				CLANG_WARN_DOCUMENTATION_COMMENTS = YES;
				CLANG_WARN_EMPTY_BODY = YES;
				CLANG_WARN_ENUM_CONVERSION = YES;
				CLANG_WARN_INFINITE_RECURSION = YES;
				CLANG_WARN_INT_CONVERSION = YES;
				CLANG_WARN_NON_LITERAL_NULL_CONVERSION = YES;
				CLANG_WARN_OBJC_IMPLICIT_RETAIN_SELF = YES;
				CLANG_WARN_OBJC_LITERAL_CONVERSION = YES;
				CLANG_WARN_OBJC_ROOT_CLASS = YES_ERROR;
				CLANG_WARN_QUOTED_INCLUDE_IN_FRAMEWORK_HEADER = YES;
				CLANG_WARN_RANGE_LOOP_ANALYSIS = YES;
				CLANG_WARN_STRICT_PROTOTYPES = YES;
				CLANG_WARN_SUSPICIOUS_MOVE = YES;
				CLANG_WARN_UNGUARDED_AVAILABILITY = YES_AGGRESSIVE;
				CLANG_WARN_UNREACHABLE_CODE = YES;
				CLANG_WARN__DUPLICATE_METHOD_MATCH = YES;
				COPY_PHASE_STRIP = NO;
				DEBUG_INFORMATION_FORMAT = dwarf;
				ENABLE_STRICT_OBJC_MSGSEND = YES;
				ENABLE_TESTABILITY = YES;
				GCC_C_LANGUAGE_STANDARD = gnu11;
				GCC_DYNAMIC_NO_PIC = NO;
				GCC_NO_COMMON_BLOCKS = YES;
				GCC_OPTIMIZATION_LEVEL = 0;
				GCC_PREPROCESSOR_DEFINITIONS = (
					"DEBUG=1",
					"$(inherited)",
				);
				GCC_WARN_64_TO_32_BIT_CONVERSION = YES;
				GCC_WARN_ABOUT_RETURN_TYPE = YES_ERROR;
				GCC_WARN_UNDECLARED_SELECTOR = YES;
				GCC_WARN_UNINITIALIZED_AUTOS = YES_AGGRESSIVE;
				GCC_WARN_UNUSED_FUNCTION = YES;
				GCC_WARN_UNUSED_VARIABLE = YES;
				IPHONEOS_DEPLOYMENT_TARGET = 14.5;
				MTL_ENABLE_DEBUG_INFO = INCLUDE_SOURCE;
				MTL_FAST_MATH = YES;
				ONLY_ACTIVE_ARCH = YES;
				SDKROOT = iphoneos;
				SWIFT_ACTIVE_COMPILATION_CONDITIONS = DEBUG;
				SWIFT_OPTIMIZATION_LEVEL = "-Onone";
			};
			name = Debug;
		};
		7BD87EE126BC124B00019EC0 /* Release */ = {
			isa = XCBuildConfiguration;
			buildSettings = {
				ALWAYS_SEARCH_USER_PATHS = NO;
				CLANG_ANALYZER_NONNULL = YES;
				CLANG_ANALYZER_NUMBER_OBJECT_CONVERSION = YES_AGGRESSIVE;
				CLANG_CXX_LANGUAGE_STANDARD = "gnu++14";
				CLANG_CXX_LIBRARY = "libc++";
				CLANG_ENABLE_MODULES = YES;
				CLANG_ENABLE_OBJC_ARC = YES;
				CLANG_ENABLE_OBJC_WEAK = YES;
				CLANG_WARN_BLOCK_CAPTURE_AUTORELEASING = YES;
				CLANG_WARN_BOOL_CONVERSION = YES;
				CLANG_WARN_COMMA = YES;
				CLANG_WARN_CONSTANT_CONVERSION = YES;
				CLANG_WARN_DEPRECATED_OBJC_IMPLEMENTATIONS = YES;
				CLANG_WARN_DIRECT_OBJC_ISA_USAGE = YES_ERROR;
				CLANG_WARN_DOCUMENTATION_COMMENTS = YES;
				CLANG_WARN_EMPTY_BODY = YES;
				CLANG_WARN_ENUM_CONVERSION = YES;
				CLANG_WARN_INFINITE_RECURSION = YES;
				CLANG_WARN_INT_CONVERSION = YES;
				CLANG_WARN_NON_LITERAL_NULL_CONVERSION = YES;
				CLANG_WARN_OBJC_IMPLICIT_RETAIN_SELF = YES;
				CLANG_WARN_OBJC_LITERAL_CONVERSION = YES;
				CLANG_WARN_OBJC_ROOT_CLASS = YES_ERROR;
				CLANG_WARN_QUOTED_INCLUDE_IN_FRAMEWORK_HEADER = YES;
				CLANG_WARN_RANGE_LOOP_ANALYSIS = YES;
				CLANG_WARN_STRICT_PROTOTYPES = YES;
				CLANG_WARN_SUSPICIOUS_MOVE = YES;
				CLANG_WARN_UNGUARDED_AVAILABILITY = YES_AGGRESSIVE;
				CLANG_WARN_UNREACHABLE_CODE = YES;
				CLANG_WARN__DUPLICATE_METHOD_MATCH = YES;
				COPY_PHASE_STRIP = NO;
				DEBUG_INFORMATION_FORMAT = "dwarf-with-dsym";
				ENABLE_NS_ASSERTIONS = NO;
				ENABLE_STRICT_OBJC_MSGSEND = YES;
				GCC_C_LANGUAGE_STANDARD = gnu11;
				GCC_NO_COMMON_BLOCKS = YES;
				GCC_WARN_64_TO_32_BIT_CONVERSION = YES;
				GCC_WARN_ABOUT_RETURN_TYPE = YES_ERROR;
				GCC_WARN_UNDECLARED_SELECTOR = YES;
				GCC_WARN_UNINITIALIZED_AUTOS = YES_AGGRESSIVE;
				GCC_WARN_UNUSED_FUNCTION = YES;
				GCC_WARN_UNUSED_VARIABLE = YES;
				IPHONEOS_DEPLOYMENT_TARGET = 14.5;
				MTL_ENABLE_DEBUG_INFO = NO;
				MTL_FAST_MATH = YES;
				SDKROOT = iphoneos;
				SWIFT_COMPILATION_MODE = wholemodule;
				SWIFT_OPTIMIZATION_LEVEL = "-O";
				VALIDATE_PRODUCT = YES;
			};
			name = Release;
		};
		7BD87EE326BC124B00019EC0 /* Debug */ = {
			isa = XCBuildConfiguration;
			buildSettings = {
				ASSETCATALOG_COMPILER_APPICON_NAME = AppIcon;
				ASSETCATALOG_COMPILER_GLOBAL_ACCENT_COLOR_NAME = AccentColor;
				CODE_SIGN_STYLE = Automatic;
				DEVELOPMENT_TEAM = BW7XZA6U32;
				INFOPLIST_FILE = MusicP/Info.plist;
				LD_RUNPATH_SEARCH_PATHS = (
					"$(inherited)",
					"@executable_path/Frameworks",
				);
				PRODUCT_BUNDLE_IDENTIFIER = com.beyrami.MusicP;
				PRODUCT_NAME = "$(TARGET_NAME)";
				SWIFT_VERSION = 5.0;
				TARGETED_DEVICE_FAMILY = "1,2";
			};
			name = Debug;
		};
		7BD87EE426BC124B00019EC0 /* Release */ = {
			isa = XCBuildConfiguration;
			buildSettings = {
				ASSETCATALOG_COMPILER_APPICON_NAME = AppIcon;
				ASSETCATALOG_COMPILER_GLOBAL_ACCENT_COLOR_NAME = AccentColor;
				CODE_SIGN_STYLE = Automatic;
				DEVELOPMENT_TEAM = BW7XZA6U32;
				INFOPLIST_FILE = MusicP/Info.plist;
				LD_RUNPATH_SEARCH_PATHS = (
					"$(inherited)",
					"@executable_path/Frameworks",
				);
				PRODUCT_BUNDLE_IDENTIFIER = com.beyrami.MusicP;
				PRODUCT_NAME = "$(TARGET_NAME)";
				SWIFT_VERSION = 5.0;
				TARGETED_DEVICE_FAMILY = "1,2";
			};
			name = Release;
		};
		7BD87EE626BC124B00019EC0 /* Debug */ = {
			isa = XCBuildConfiguration;
			buildSettings = {
				ALWAYS_EMBED_SWIFT_STANDARD_LIBRARIES = YES;
				BUNDLE_LOADER = "$(TEST_HOST)";
				CODE_SIGN_STYLE = Automatic;
				DEVELOPMENT_TEAM = BW7XZA6U32;
				INFOPLIST_FILE = MusicPTests/Info.plist;
				IPHONEOS_DEPLOYMENT_TARGET = 14.5;
				LD_RUNPATH_SEARCH_PATHS = (
					"$(inherited)",
					"@executable_path/Frameworks",
					"@loader_path/Frameworks",
				);
				PRODUCT_BUNDLE_IDENTIFIER = com.beyrami.MusicPTests;
				PRODUCT_NAME = "$(TARGET_NAME)";
				SWIFT_VERSION = 5.0;
				TARGETED_DEVICE_FAMILY = "1,2";
				TEST_HOST = "$(BUILT_PRODUCTS_DIR)/MusicP.app/MusicP";
			};
			name = Debug;
		};
		7BD87EE726BC124B00019EC0 /* Release */ = {
			isa = XCBuildConfiguration;
			buildSettings = {
				ALWAYS_EMBED_SWIFT_STANDARD_LIBRARIES = YES;
				BUNDLE_LOADER = "$(TEST_HOST)";
				CODE_SIGN_STYLE = Automatic;
				DEVELOPMENT_TEAM = BW7XZA6U32;
				INFOPLIST_FILE = MusicPTests/Info.plist;
				IPHONEOS_DEPLOYMENT_TARGET = 14.5;
				LD_RUNPATH_SEARCH_PATHS = (
					"$(inherited)",
					"@executable_path/Frameworks",
					"@loader_path/Frameworks",
				);
				PRODUCT_BUNDLE_IDENTIFIER = com.beyrami.MusicPTests;
				PRODUCT_NAME = "$(TARGET_NAME)";
				SWIFT_VERSION = 5.0;
				TARGETED_DEVICE_FAMILY = "1,2";
				TEST_HOST = "$(BUILT_PRODUCTS_DIR)/MusicP.app/MusicP";
			};
			name = Release;
		};
		7BD87EE926BC124B00019EC0 /* Debug */ = {
			isa = XCBuildConfiguration;
			buildSettings = {
				ALWAYS_EMBED_SWIFT_STANDARD_LIBRARIES = YES;
				CODE_SIGN_STYLE = Automatic;
				DEVELOPMENT_TEAM = BW7XZA6U32;
				INFOPLIST_FILE = MusicPUITests/Info.plist;
				LD_RUNPATH_SEARCH_PATHS = (
					"$(inherited)",
					"@executable_path/Frameworks",
					"@loader_path/Frameworks",
				);
				PRODUCT_BUNDLE_IDENTIFIER = com.beyrami.MusicPUITests;
				PRODUCT_NAME = "$(TARGET_NAME)";
				SWIFT_VERSION = 5.0;
				TARGETED_DEVICE_FAMILY = "1,2";
				TEST_TARGET_NAME = MusicP;
			};
			name = Debug;
		};
		7BD87EEA26BC124B00019EC0 /* Release */ = {
			isa = XCBuildConfiguration;
			buildSettings = {
				ALWAYS_EMBED_SWIFT_STANDARD_LIBRARIES = YES;
				CODE_SIGN_STYLE = Automatic;
				DEVELOPMENT_TEAM = BW7XZA6U32;
				INFOPLIST_FILE = MusicPUITests/Info.plist;
				LD_RUNPATH_SEARCH_PATHS = (
					"$(inherited)",
					"@executable_path/Frameworks",
					"@loader_path/Frameworks",
				);
				PRODUCT_BUNDLE_IDENTIFIER = com.beyrami.MusicPUITests;
				PRODUCT_NAME = "$(TARGET_NAME)";
				SWIFT_VERSION = 5.0;
				TARGETED_DEVICE_FAMILY = "1,2";
				TEST_TARGET_NAME = MusicP;
			};
			name = Release;
		};
/* End XCBuildConfiguration section */

/* Begin XCConfigurationList section */
		7BD87EB326BC124800019EC0 /* Build configuration list for PBXProject "MusicP" */ = {
			isa = XCConfigurationList;
			buildConfigurations = (
				7BD87EE026BC124B00019EC0 /* Debug */,
				7BD87EE126BC124B00019EC0 /* Release */,
			);
			defaultConfigurationIsVisible = 0;
			defaultConfigurationName = Release;
		};
		7BD87EE226BC124B00019EC0 /* Build configuration list for PBXNativeTarget "MusicP" */ = {
			isa = XCConfigurationList;
			buildConfigurations = (
				7BD87EE326BC124B00019EC0 /* Debug */,
				7BD87EE426BC124B00019EC0 /* Release */,
			);
			defaultConfigurationIsVisible = 0;
			defaultConfigurationName = Release;
		};
		7BD87EE526BC124B00019EC0 /* Build configuration list for PBXNativeTarget "MusicPTests" */ = {
			isa = XCConfigurationList;
			buildConfigurations = (
				7BD87EE626BC124B00019EC0 /* Debug */,
				7BD87EE726BC124B00019EC0 /* Release */,
			);
			defaultConfigurationIsVisible = 0;
			defaultConfigurationName = Release;
		};
		7BD87EE826BC124B00019EC0 /* Build configuration list for PBXNativeTarget "MusicPUITests" */ = {
			isa = XCConfigurationList;
			buildConfigurations = (
				7BD87EE926BC124B00019EC0 /* Debug */,
				7BD87EEA26BC124B00019EC0 /* Release */,
			);
			defaultConfigurationIsVisible = 0;
			defaultConfigurationName = Release;
		};
/* End XCConfigurationList section */
	};
	rootObject = 7BD87EB026BC124800019EC0 /* Project object */;
}
